{
  "name": "wifi-ap",
  "version": "0.0.0",
  "lockfileVersion": 1,
  "requires": true,
  "dependencies": {
    "async": {
      "version": "2.4.1",
      "resolved": "http://registry.npm.taobao.org/async/download/async-2.4.1.tgz",
      "integrity": "sha1-YqVrJ5yYoR0JhwlqAcw+6463u9c="
    },
    "body-parser": {
      "version": "1.17.2",
      "resolved": "http://registry.npm.taobao.org/body-parser/download/body-parser-1.17.2.tgz",
      "integrity": "sha1-+IkqvI+eYn1Crtr7yma/WrmRBO4=",
      "dependencies": {
        "debug": {
          "version": "2.6.7",
          "resolved": "http://registry.npm.taobao.org/debug/download/debug-2.6.7.tgz",
          "integrity": "sha1-krrR9tBbu2u6Isyoi80OyJTChh4="
        }
      }
    },
    "connect": {
      "version": "3.6.2",
      "resolved": "http://registry.npm.taobao.org/connect/download/connect-3.6.2.tgz",
      "integrity": "sha1-aU6NIGgb/kkCgsiriGvpjwn0L+c=",
      "dependencies": {
        "debug": {
          "version": "2.6.7",
          "resolved": "http://registry.npm.taobao.org/debug/download/debug-2.6.7.tgz",
          "integrity": "sha1-krrR9tBbu2u6Isyoi80OyJTChh4="
        }
      }
    },
    "connect-mongo": {
      "version": "1.3.2",
      "resolved": "http://registry.npm.taobao.org/connect-mongo/download/connect-mongo-1.3.2.tgz",
      "integrity": "sha1-fL9Y3/8mdg5eAOAX0KhbS8kLnTc=",
      "dependencies": {
        "bluebird": {
          "version": "3.5.0",
          "resolved": "http://registry.npm.taobao.org/bluebird/download/bluebird-3.5.0.tgz",
          "integrity": "sha1-eRQg1/VR7qKJdFOop3ZT+WYG1nw="
        }
      }
    },
    "cookie-parser": {
      "version": "1.4.3",
      "resolved": "http://registry.npm.taobao.org/cookie-parser/download/cookie-parser-1.4.3.tgz",
      "integrity": "sha1-D+MfoZ0AC5X0qt8fU/3CuKIDuqU="
    },
    "debug": {
      "version": "3.1.0",
      "resolved": "https://registry.npmmirror.com/debug/-/debug-3.1.0.tgz",
      "integrity": "sha512-OX8XqP7/1a9cqkxYw2yXss15f26NKWBpDXQd0/uK/KPqdQhxbPa994hnzjcE2VqQpDslf55723cKPUOGSmMY3g==",
      "requires": {
        "ms": "2.0.0"
      }
    },
    "ejs": {
      "version": "2.5.6",
      "resolved": "http://registry.npm.taobao.org/ejs/download/ejs-2.5.6.tgz",
      "integrity": "sha1-R5Y2v6P+Ox3r1SCH8KyyBLTxnIg="
    },
    "express": {
      "version": "4.15.3",
      "resolved": "http://registry.npm.taobao.org/express/download/express-4.15.3.tgz",
      "integrity": "sha1-urZdDwOqgMNYQIly/HAPkWlEtmI=",
      "dependencies": {
        "debug": {
          "version": "2.6.7",
          "resolved": "http://registry.npm.taobao.org/debug/download/debug-2.6.7.tgz",
          "integrity": "sha1-krrR9tBbu2u6Isyoi80OyJTChh4="
        }
      }
    },
    "express-session": {
      "version": "1.15.3",
      "resolved": "http://registry.npm.taobao.org/express-session/download/express-session-1.15.3.tgz",
      "integrity": "sha1-21RfBDWnsbIorgLagZf2UUFzXGc=",
      "dependencies": {
        "debug": {
          "version": "2.6.7",
          "resolved": "http://registry.npm.taobao.org/debug/download/debug-2.6.7.tgz",
          "integrity": "sha1-krrR9tBbu2u6Isyoi80OyJTChh4="
        }
      }
    },
    "mkdirp": {
      "version": "0.5.1",
      "resolved": "http://registry.npm.taobao.org/mkdirp/download/mkdirp-0.5.1.tgz",
      "integrity": "sha1-MAV0OOrGz3+MR2fzhkjWaX11yQM="
    },
    "mongoose": {
      "version": "4.10.5",
      "resolved": "http://registry.npm.taobao.org/mongoose/download/mongoose-4.10.5.tgz",
      "integrity": "sha1-fNUO441QV4Feg5YuOYX33Z2naa0="
    },
    "morgan": {
      "version": "1.8.2",
      "resolved": "http://registry.npm.taobao.org/morgan/download/morgan-1.8.2.tgz",
      "integrity": "sha1-eErHc05KRTqcbm6GgKkyknXItoc="
    },
    "ms": {
      "version": "2.0.0",
      "resolved": "http://registry.npm.taobao.org/ms/download/ms-2.0.0.tgz",
      "integrity": "sha1-VgiurfwAvmwpAd9fmGF4jeDVl8g="
    },
    "multer": {
      "version": "1.3.0",
      "resolved": "http://registry.npm.taobao.org/multer/download/multer-1.3.0.tgz",
      "integrity": "sha1-CSsmcPaEb6SRSWXvyM+Uwg/sbNI="
    },
    "serve-favicon": {
      "version": "2.4.3",
      "resolved": "http://registry.npm.taobao.org/serve-favicon/download/serve-favicon-2.4.3.tgz",
      "integrity": "sha1-WYaxewUCZCtkHCH4GLGszjICXSM="
    },
    "superagent": {
      "version": "3.5.2",
      "resolved": "http://registry.npm.taobao.org/superagent/download/superagent-3.5.2.tgz",
      "integrity": "sha1-M2GjlxVnUEw1EGOr6q4PqiPb8/g="
    },
    "tracer": {
      "version": "0.8.9",
      "resolved": "http://registry.npm.taobao.org/tracer/download/tracer-0.8.9.tgz",
      "integrity": "sha1-ZLyIoRbjXXbtrSMVoAEetfETk6Y="
    },
    "uuid": {
      "version": "3.1.0",
      "resolved": "http://registry.npm.taobao.org/uuid/download/uuid-3.1.0.tgz",
      "integrity": "sha1-PdPT55Crwk17DToDT/q6vijrvAQ="
    },
    "vue": {
      "version": "2.4.2",
      "resolved": "http://registry.npm.taobao.org/vue/download/vue-2.4.2.tgz",
      "integrity": "sha1-qYVSYfGRyXjMDcEVBTG40IFJtYw="
    }
  }
}
